<?xml version="1.0" encoding="utf-8"?>
<Project ToolsVersion="4.0" xmlns="http://schemas.microsoft.com/developer/msbuild/2003">
  <ItemGroup>
    <Filter Include="Исходные файлы">
      <UniqueIdentifier>{4FC737F1-C7A5-4376-A066-2A32D752A2FF}</UniqueIdentifier>
      <Extensions>cpp;c;cc;cxx;c++;cppm;ixx;def;odl;idl;hpj;bat;asm;asmx</Extensions>
    </Filter>
    <Filter Include="Файлы заголовков">
      <UniqueIdentifier>{93995380-89BD-4b04-88EB-625FBE52EBFB}</UniqueIdentifier>
      <Extensions>h;hh;hpp;hxx;h++;hm;inl;inc;ipp;xsd</Extensions>
    </Filter>
    <Filter Include="Файлы ресурсов">
      <UniqueIdentifier>{67DA6AB6-F800-4c08-8B7A-83BB121AAD01}</UniqueIdentifier>
      <Extensions>rc;ico;cur;bmp;dlg;rc2;rct;bin;rgs;gif;jpg;jpeg;jpe;resx;tiff;tif;png;wav;mfcribbon-ms</Extensions>
    </Filter>
    <Filter Include="Исходные файлы\Main">
      <UniqueIdentifier>{74f7156e-9d95-444a-bf62-3dd339a2fd92}</UniqueIdentifier>
    </Filter>
    <Filter Include="Файлы заголовков\Main">
      <UniqueIdentifier>{905ad22d-7d91-45c4-99af-d5b429573c5d}</UniqueIdentifier>
    </Filter>
    <Filter Include="Файлы заголовков\PugiXML">
      <UniqueIdentifier>{9deb7a1f-edb6-424e-92c4-447e444f1b50}</UniqueIdentifier>
    </Filter>
    <Filter Include="Исходные файлы\PugiXML">
      <UniqueIdentifier>{d9f715e8-3648-4184-a3b6-d4f65c14cdf5}</UniqueIdentifier>
    </Filter>
  </ItemGroup>
  <ItemGroup>
    <ClInclude Include="framework.h">
      <Filter>Файлы заголовков</Filter>
    </ClInclude>
    <ClInclude Include="pch.h">
      <Filter>Файлы заголовков</Filter>
    </ClInclude>
    <ClInclude Include="LocalizatorHandler.h">
      <Filter>Файлы заголовков\Main</Filter>
    </ClInclude>
    <ClInclude Include="SettingsLocalizer.h">
      <Filter>Файлы заголовков\Main</Filter>
    </ClInclude>
    <ClInclude Include="DllFunctions.h">
      <Filter>Файлы заголовков</Filter>
    </ClInclude>
    <ClInclude Include="XMLReader.h">
      <Filter>Файлы заголовков</Filter>
    </ClInclude>
    <ClInclude Include="pugixml.hpp">
      <Filter>Файлы заголовков\PugiXML</Filter>
    </ClInclude>
    <ClInclude Include="pugiconfig.hpp">
      <Filter>Файлы заголовков\PugiXML</Filter>
    </ClInclude>
  </ItemGroup>
  <ItemGroup>
    <ClCompile Include="dllmain.cpp">
      <Filter>Исходные файлы</Filter>
    </ClCompile>
    <ClCompile Include="pch.cpp">
      <Filter>Исходные файлы</Filter>
    </ClCompile>
    <ClCompile Include="LocalizatorHandler.cpp">
      <Filter>Исходные файлы\Main</Filter>
    </ClCompile>
    <ClCompile Include="SettingsLocalizer.cpp">
      <Filter>Исходные файлы\Main</Filter>
    </ClCompile>
    <ClCompile Include="DllFunctions.cpp">
      <Filter>Исходные файлы</Filter>
    </ClCompile>
    <ClCompile Include="XMLReader.cpp">
      <Filter>Исходные файлы</Filter>
    </ClCompile>
    <ClCompile Include="pugixml.cpp">
      <Filter>Исходные файлы\PugiXML</Filter>
    </ClCompile>
  </ItemGroup>
</Project>